
Microsoft Visual Studio Solution File, Format Version 12.00
# Visual Studio Version 17
VisualStudioVersion = 17.4.33213.308
MinimumVisualStudioVersion = 10.0.40219.1
Project("{FAE04EC0-301F-11D3-BF4B-00C04F79EFBC}") = "Regular expressions", "Regular expressions.csproj", "{F930E5E1-4D0E-4721-A011-F9D73E2C9DD5}"
EndProject
Global
	GlobalSection(SolutionConfigurationPlatforms) = preSolution
		Debug|Any CPU = Debug|Any CPU
		Release|Any CPU = Release|Any CPU
	EndGlobalSection
	GlobalSection(ProjectConfigurationPlatforms) = postSolution
		{F930E5E1-4D0E-4721-A011-F9D73E2C9DD5}.Debug|Any CPU.ActiveCfg = Debug|Any CPU
		{F930E5E1-4D0E-4721-A011-F9D73E2C9DD5}.Debug|Any CPU.Build.0 = Debug|Any CPU
		{F930E5E1-4D0E-4721-A011-F9D73E2C9DD5}.Release|Any CPU.ActiveCfg = Release|Any CPU
		{F930E5E1-4D0E-4721-A011-F9D73E2C9DD5}.Release|Any CPU.Build.0 = Release|Any CPU
	EndGlobalSection
	GlobalSection(SolutionProperties) = preSolution
		HideSolutionNode = FALSE
	EndGlobalSection
	GlobalSection(ExtensibilityGlobals) = postSolution
		SolutionGuid = {73894E23-AE6D-4364-A96E-7DCCE663F57D}
	EndGlobalSection
EndGlobal
